
Microsoft Visual Studio Solution File, Format Version 12.00
# Visual Studio Version 17
VisualStudioVersion = 17.2.32616.157
MinimumVisualStudioVersion = 10.0.40219.1
Project("{FAE04EC0-301F-11D3-BF4B-00C04F79EFBC}") = "RoyalHalls1", "RoyalHalls1\RoyalHalls1.csproj", "{57D76A3D-471C-436A-98E0-87519C589C3E}"
EndProject
Global
	GlobalSection(SolutionConfigurationPlatforms) = preSolution
		Debug|Any CPU = Debug|Any CPU
		Release|Any CPU = Release|Any CPU
	EndGlobalSection
	GlobalSection(ProjectConfigurationPlatforms) = postSolution
		{57D76A3D-471C-436A-98E0-87519C589C3E}.Debug|Any CPU.ActiveCfg = Debug|Any CPU
		{57D76A3D-471C-436A-98E0-87519C589C3E}.Debug|Any CPU.Build.0 = Debug|Any CPU
		{57D76A3D-471C-436A-98E0-87519C589C3E}.Release|Any CPU.ActiveCfg = Release|Any CPU
		{57D76A3D-471C-436A-98E0-87519C589C3E}.Release|Any CPU.Build.0 = Release|Any CPU
	EndGlobalSection
	GlobalSection(SolutionProperties) = preSolution
		HideSolutionNode = FALSE
	EndGlobalSection
	GlobalSection(ExtensibilityGlobals) = postSolution
		SolutionGuid = {E0DA13D0-7884-4FC5-85A1-C1D83E935C0E}
	EndGlobalSection
EndGlobal
